
Microsoft Visual Studio Solution File, Format Version 12.00
# Visual Studio Version 17
VisualStudioVersion = 17.11.35327.3
MinimumVisualStudioVersion = 10.0.40219.1
Project("{FAE04EC0-301F-11D3-BF4B-00C04F79EFBC}") = "Demo.Presentation", "Demo.Presentation\Demo.Presentation.csproj", "{8ED0C777-036D-4744-B2AD-496548B1DEBF}"
EndProject
Project("{FAE04EC0-301F-11D3-BF4B-00C04F79EFBC}") = "Demo.BLL", "Demo.BLL\Demo.BLL.csproj", "{DC51B76C-C89F-49B4-BA8E-B7E3FB488663}"
EndProject
Project("{FAE04EC0-301F-11D3-BF4B-00C04F79EFBC}") = "Demo.DAL", "Demo.DAL\Demo.DAL.csproj", "{E0992A93-D73F-4CCA-9231-A8CBB7670AA4}"
EndProject
Global
	GlobalSection(SolutionConfigurationPlatforms) = preSolution
		Debug|Any CPU = Debug|Any CPU
		Release|Any CPU = Release|Any CPU
	EndGlobalSection
	GlobalSection(ProjectConfigurationPlatforms) = postSolution
		{8ED0C777-036D-4744-B2AD-496548B1DEBF}.Debug|Any CPU.ActiveCfg = Debug|Any CPU
		{8ED0C777-036D-4744-B2AD-496548B1DEBF}.Debug|Any CPU.Build.0 = Debug|Any CPU
		{8ED0C777-036D-4744-B2AD-496548B1DEBF}.Release|Any CPU.ActiveCfg = Release|Any CPU
		{8ED0C777-036D-4744-B2AD-496548B1DEBF}.Release|Any CPU.Build.0 = Release|Any CPU
		{DC51B76C-C89F-49B4-BA8E-B7E3FB488663}.Debug|Any CPU.ActiveCfg = Debug|Any CPU
		{DC51B76C-C89F-49B4-BA8E-B7E3FB488663}.Debug|Any CPU.Build.0 = Debug|Any CPU
		{DC51B76C-C89F-49B4-BA8E-B7E3FB488663}.Release|Any CPU.ActiveCfg = Release|Any CPU
		{DC51B76C-C89F-49B4-BA8E-B7E3FB488663}.Release|Any CPU.Build.0 = Release|Any CPU
		{E0992A93-D73F-4CCA-9231-A8CBB7670AA4}.Debug|Any CPU.ActiveCfg = Debug|Any CPU
		{E0992A93-D73F-4CCA-9231-A8CBB7670AA4}.Debug|Any CPU.Build.0 = Debug|Any CPU
		{E0992A93-D73F-4CCA-9231-A8CBB7670AA4}.Release|Any CPU.ActiveCfg = Release|Any CPU
		{E0992A93-D73F-4CCA-9231-A8CBB7670AA4}.Release|Any CPU.Build.0 = Release|Any CPU
	EndGlobalSection
	GlobalSection(SolutionProperties) = preSolution
		HideSolutionNode = FALSE
	EndGlobalSection
	GlobalSection(ExtensibilityGlobals) = postSolution
		SolutionGuid = {45C740E1-B7F0-4A26-8457-45A0DC12B12B}
	EndGlobalSection
EndGlobal
